
Microsoft Visual Studio Solution File, Format Version 12.00
# Visual Studio Version 16
VisualStudioVersion = 16.0.31624.102
MinimumVisualStudioVersion = 10.0.40219.1
Project("{FAE04EC0-301F-11D3-BF4B-00C04F79EFBC}") = "JobApplicationPortal", "JobApplicationPortal\JobApplicationPortal.csproj", "{ED1029D9-625C-45E1-BB3F-D5EF7302BFEA}"
EndProject
Global
	GlobalSection(SolutionConfigurationPlatforms) = preSolution
		Debug|Any CPU = Debug|Any CPU
		Release|Any CPU = Release|Any CPU
	EndGlobalSection
	GlobalSection(ProjectConfigurationPlatforms) = postSolution
		{ED1029D9-625C-45E1-BB3F-D5EF7302BFEA}.Debug|Any CPU.ActiveCfg = Debug|Any CPU
		{ED1029D9-625C-45E1-BB3F-D5EF7302BFEA}.Debug|Any CPU.Build.0 = Debug|Any CPU
		{ED1029D9-625C-45E1-BB3F-D5EF7302BFEA}.Release|Any CPU.ActiveCfg = Release|Any CPU
		{ED1029D9-625C-45E1-BB3F-D5EF7302BFEA}.Release|Any CPU.Build.0 = Release|Any CPU
	EndGlobalSection
	GlobalSection(SolutionProperties) = preSolution
		HideSolutionNode = FALSE
	EndGlobalSection
	GlobalSection(ExtensibilityGlobals) = postSolution
		SolutionGuid = {BF565D76-605A-476A-9977-96D4ADFB3E8A}
	EndGlobalSection
EndGlobal
